// !$*UTF8*$!
{
	archiveVersion = 1;
	classes = {
	};
	objectVersion = 56;
	objects = {

/* Begin PBXBuildFile section */
		1B12FE2C2B4C2F1700D232A7 /* MyBooksApp.swift in Sources */ = {isa = PBXBuildFile; fileRef = 1B12FE2B2B4C2F1700D232A7 /* MyBooksApp.swift */; };
		1B12FE2E2B4C2F1700D232A7 /* BookListView.swift in Sources */ = {isa = PBXBuildFile; fileRef = 1B12FE2D2B4C2F1700D232A7 /* BookListView.swift */; };
		1B12FE302B4C2F1800D232A7 /* Assets.xcassets in Resources */ = {isa = PBXBuildFile; fileRef = 1B12FE2F2B4C2F1800D232A7 /* Assets.xcassets */; };
		1B12FE332B4C2F1800D232A7 /* Preview Assets.xcassets in Resources */ = {isa = PBXBuildFile; fileRef = 1B12FE322B4C2F1800D232A7 /* Preview Assets.xcassets */; };
		1B12FE3A2B4C310200D232A7 /* Book.swift in Sources */ = {isa = PBXBuildFile; fileRef = 1B12FE392B4C310200D232A7 /* Book.swift */; };
		1B12FE3C2B4C387100D232A7 /* NewBookView.swift in Sources */ = {isa = PBXBuildFile; fileRef = 1B12FE3B2B4C387100D232A7 /* NewBookView.swift */; };
		1B12FE3E2B4C42DD00D232A7 /* EditBookView.swift in Sources */ = {isa = PBXBuildFile; fileRef = 1B12FE3D2B4C42DD00D232A7 /* EditBookView.swift */; };
		1B12FE402B4C485700D232A7 /* RatingsView.swift in Sources */ = {isa = PBXBuildFile; fileRef = 1B12FE3F2B4C485700D232A7 /* RatingsView.swift */; };
		1B28C3602B4F15B300B5C2E3 /* Genre.swift in Sources */ = {isa = PBXBuildFile; fileRef = 1B28C35F2B4F15B300B5C2E3 /* Genre.swift */; };
		1B28C3622B4F164500B5C2E3 /* UIColor+extension.swift in Sources */ = {isa = PBXBuildFile; fileRef = 1B28C3612B4F164500B5C2E3 /* UIColor+extension.swift */; };
		1B28C3642B4F1CB500B5C2E3 /* GenreSamples.swift in Sources */ = {isa = PBXBuildFile; fileRef = 1B28C3632B4F1CB500B5C2E3 /* GenreSamples.swift */; };
		1B28C36C2B4F1DDE00B5C2E3 /* GenresView.swift in Sources */ = {isa = PBXBuildFile; fileRef = 1B28C36B2B4F1DDE00B5C2E3 /* GenresView.swift */; };
		1B28C36E2B4FF76100B5C2E3 /* NewGenreView.swift in Sources */ = {isa = PBXBuildFile; fileRef = 1B28C36D2B4FF76100B5C2E3 /* NewGenreView.swift */; };
		1B28C3702B4FFDE300B5C2E3 /* GenreStackView.swift in Sources */ = {isa = PBXBuildFile; fileRef = 1B28C36F2B4FFDE300B5C2E3 /* GenreStackView.swift */; };
		1B28C3722B503C4300B5C2E3 /* Localizable.xcstrings in Resources */ = {isa = PBXBuildFile; fileRef = 1B28C3712B503C4300B5C2E3 /* Localizable.xcstrings */; };
		1B28C3742B50449000B5C2E3 /* Launch Screen.storyboard in Resources */ = {isa = PBXBuildFile; fileRef = 1B28C3732B50449000B5C2E3 /* Launch Screen.storyboard */; };
		1BD0C0162B4EB53200E2F10A /* BookSamples.swift in Sources */ = {isa = PBXBuildFile; fileRef = 1BD0C0152B4EB53200E2F10A /* BookSamples.swift */; };
		1BD0C0182B4EB68200E2F10A /* PreviewContainer.swift in Sources */ = {isa = PBXBuildFile; fileRef = 1BD0C0172B4EB68200E2F10A /* PreviewContainer.swift */; };
		1BD0C01A2B4EBD8500E2F10A /* BookList.swift in Sources */ = {isa = PBXBuildFile; fileRef = 1BD0C0192B4EBD8500E2F10A /* BookList.swift */; };
		1BD0C01C2B4ED9C400E2F10A /* Quote.swift in Sources */ = {isa = PBXBuildFile; fileRef = 1BD0C01B2B4ED9C400E2F10A /* Quote.swift */; };
		1BD0C01E2B4EDB8E00E2F10A /* QuotesListView.swift in Sources */ = {isa = PBXBuildFile; fileRef = 1BD0C01D2B4EDB8E00E2F10A /* QuotesListView.swift */; };
/* End PBXBuildFile section */

/* Begin PBXFileReference section */
		1B12FE282B4C2F1700D232A7 /* MyBooks.app */ = {isa = PBXFileReference; explicitFileType = wrapper.application; includeInIndex = 0; path = MyBooks.app; sourceTree = BUILT_PRODUCTS_DIR; };
		1B12FE2B2B4C2F1700D232A7 /* MyBooksApp.swift */ = {isa = PBXFileReference; lastKnownFileType = sourcecode.swift; path = MyBooksApp.swift; sourceTree = "<group>"; };
		1B12FE2D2B4C2F1700D232A7 /* BookListView.swift */ = {isa = PBXFileReference; lastKnownFileType = sourcecode.swift; path = BookListView.swift; sourceTree = "<group>"; };
		1B12FE2F2B4C2F1800D232A7 /* Assets.xcassets */ = {isa = PBXFileReference; lastKnownFileType = folder.assetcatalog; path = Assets.xcassets; sourceTree = "<group>"; };
		1B12FE322B4C2F1800D232A7 /* Preview Assets.xcassets */ = {isa = PBXFileReference; lastKnownFileType = folder.assetcatalog; path = "Preview Assets.xcassets"; sourceTree = "<group>"; };
		1B12FE392B4C310200D232A7 /* Book.swift */ = {isa = PBXFileReference; lastKnownFileType = sourcecode.swift; path = Book.swift; sourceTree = "<group>"; };
		1B12FE3B2B4C387100D232A7 /* NewBookView.swift */ = {isa = PBXFileReference; lastKnownFileType = sourcecode.swift; path = NewBookView.swift; sourceTree = "<group>"; };
		1B12FE3D2B4C42DD00D232A7 /* EditBookView.swift */ = {isa = PBXFileReference; lastKnownFileType = sourcecode.swift; path = EditBookView.swift; sourceTree = "<group>"; };
		1B12FE3F2B4C485700D232A7 /* RatingsView.swift */ = {isa = PBXFileReference; lastKnownFileType = sourcecode.swift; path = RatingsView.swift; sourceTree = "<group>"; };
		1B28C35F2B4F15B300B5C2E3 /* Genre.swift */ = {isa = PBXFileReference; lastKnownFileType = sourcecode.swift; path = Genre.swift; sourceTree = "<group>"; };
		1B28C3612B4F164500B5C2E3 /* UIColor+extension.swift */ = {isa = PBXFileReference; lastKnownFileType = sourcecode.swift; path = "UIColor+extension.swift"; sourceTree = "<group>"; };
		1B28C3632B4F1CB500B5C2E3 /* GenreSamples.swift */ = {isa = PBXFileReference; lastKnownFileType = sourcecode.swift; path = GenreSamples.swift; sourceTree = "<group>"; };
		1B28C36B2B4F1DDE00B5C2E3 /* GenresView.swift */ = {isa = PBXFileReference; lastKnownFileType = sourcecode.swift; path = GenresView.swift; sourceTree = "<group>"; };
		1B28C36D2B4FF76100B5C2E3 /* NewGenreView.swift */ = {isa = PBXFileReference; lastKnownFileType = sourcecode.swift; path = NewGenreView.swift; sourceTree = "<group>"; };
		1B28C36F2B4FFDE300B5C2E3 /* GenreStackView.swift */ = {isa = PBXFileReference; lastKnownFileType = sourcecode.swift; path = GenreStackView.swift; sourceTree = "<group>"; };
		1B28C3712B503C4300B5C2E3 /* Localizable.xcstrings */ = {isa = PBXFileReference; lastKnownFileType = text.json.xcstrings; path = Localizable.xcstrings; sourceTree = "<group>"; };
		1B28C3732B50449000B5C2E3 /* Launch Screen.storyboard */ = {isa = PBXFileReference; lastKnownFileType = file.storyboard; path = "Launch Screen.storyboard"; sourceTree = "<group>"; };
		1BD0C0152B4EB53200E2F10A /* BookSamples.swift */ = {isa = PBXFileReference; lastKnownFileType = sourcecode.swift; path = BookSamples.swift; sourceTree = "<group>"; };
		1BD0C0172B4EB68200E2F10A /* PreviewContainer.swift */ = {isa = PBXFileReference; lastKnownFileType = sourcecode.swift; path = PreviewContainer.swift; sourceTree = "<group>"; };
		1BD0C0192B4EBD8500E2F10A /* BookList.swift */ = {isa = PBXFileReference; lastKnownFileType = sourcecode.swift; path = BookList.swift; sourceTree = "<group>"; };
		1BD0C01B2B4ED9C400E2F10A /* Quote.swift */ = {isa = PBXFileReference; lastKnownFileType = sourcecode.swift; path = Quote.swift; sourceTree = "<group>"; };
		1BD0C01D2B4EDB8E00E2F10A /* QuotesListView.swift */ = {isa = PBXFileReference; lastKnownFileType = sourcecode.swift; path = QuotesListView.swift; sourceTree = "<group>"; };
/* End PBXFileReference section */

/* Begin PBXFrameworksBuildPhase section */
		1B12FE252B4C2F1700D232A7 /* Frameworks */ = {
			isa = PBXFrameworksBuildPhase;
			buildActionMask = 2147483647;
			files = (
			);
			runOnlyForDeploymentPostprocessing = 0;
		};
/* End PBXFrameworksBuildPhase section */

/* Begin PBXGroup section */
		1B12FE1F2B4C2F1700D232A7 = {
			isa = PBXGroup;
			children = (
				1B12FE2A2B4C2F1700D232A7 /* MyBooks */,
				1B12FE292B4C2F1700D232A7 /* Products */,
			);
			sourceTree = "<group>";
		};
		1B12FE292B4C2F1700D232A7 /* Products */ = {
			isa = PBXGroup;
			children = (
				1B12FE282B4C2F1700D232A7 /* MyBooks.app */,
			);
			name = Products;
			sourceTree = "<group>";
		};
		1B12FE2A2B4C2F1700D232A7 /* MyBooks */ = {
			isa = PBXGroup;
			children = (
				1B12FE2B2B4C2F1700D232A7 /* MyBooksApp.swift */,
				1B28C3662B4F1D7600B5C2E3 /* Models */,
				1B28C3652B4F1D3E00B5C2E3 /* Books */,
				1B28C36A2B4F1DCE00B5C2E3 /* Genre */,
				1B28C3682B4F1D9E00B5C2E3 /* Quotes */,
				1B28C3692B4F1DA900B5C2E3 /* Accessory view */,
				1B28C3672B4F1D9000B5C2E3 /* Extensions */,
				1B12FE2F2B4C2F1800D232A7 /* Assets.xcassets */,
				1B28C3732B50449000B5C2E3 /* Launch Screen.storyboard */,
				1B28C3712B503C4300B5C2E3 /* Localizable.xcstrings */,
				1B28C3752B50498B00B5C2E3 /* Previews */,
				1B12FE312B4C2F1800D232A7 /* Preview Content */,
			);
			path = MyBooks;
			sourceTree = "<group>";
		};
		1B12FE312B4C2F1800D232A7 /* Preview Content */ = {
			isa = PBXGroup;
			children = (
				1B12FE322B4C2F1800D232A7 /* Preview Assets.xcassets */,
			);
			path = "Preview Content";
			sourceTree = "<group>";
		};
		1B28C3652B4F1D3E00B5C2E3 /* Books */ = {
			isa = PBXGroup;
			children = (
				1B12FE2D2B4C2F1700D232A7 /* BookListView.swift */,
				1BD0C0192B4EBD8500E2F10A /* BookList.swift */,
				1B12FE3B2B4C387100D232A7 /* NewBookView.swift */,
				1B12FE3D2B4C42DD00D232A7 /* EditBookView.swift */,
			);
			path = Books;
			sourceTree = "<group>";
		};
		1B28C3662B4F1D7600B5C2E3 /* Models */ = {
			isa = PBXGroup;
			children = (
				1B12FE392B4C310200D232A7 /* Book.swift */,
				1BD0C01B2B4ED9C400E2F10A /* Quote.swift */,
				1B28C35F2B4F15B300B5C2E3 /* Genre.swift */,
			);
			path = Models;
			sourceTree = "<group>";
		};
		1B28C3672B4F1D9000B5C2E3 /* Extensions */ = {
			isa = PBXGroup;
			children = (
				1B28C3612B4F164500B5C2E3 /* UIColor+extension.swift */,
			);
			path = Extensions;
			sourceTree = "<group>";
		};
		1B28C3682B4F1D9E00B5C2E3 /* Quotes */ = {
			isa = PBXGroup;
			children = (
				1BD0C01D2B4EDB8E00E2F10A /* QuotesListView.swift */,
			);
			path = Quotes;
			sourceTree = "<group>";
		};
		1B28C3692B4F1DA900B5C2E3 /* Accessory view */ = {
			isa = PBXGroup;
			children = (
				1B12FE3F2B4C485700D232A7 /* RatingsView.swift */,
			);
			path = "Accessory view";
			sourceTree = "<group>";
		};
		1B28C36A2B4F1DCE00B5C2E3 /* Genre */ = {
			isa = PBXGroup;
			children = (
				1B28C36B2B4F1DDE00B5C2E3 /* GenresView.swift */,
				1B28C36D2B4FF76100B5C2E3 /* NewGenreView.swift */,
				1B28C36F2B4FFDE300B5C2E3 /* GenreStackView.swift */,
			);
			path = Genre;
			sourceTree = "<group>";
		};
		1B28C3752B50498B00B5C2E3 /* Previews */ = {
			isa = PBXGroup;
			children = (
				1BD0C0152B4EB53200E2F10A /* BookSamples.swift */,
				1BD0C0172B4EB68200E2F10A /* PreviewContainer.swift */,
				1B28C3632B4F1CB500B5C2E3 /* GenreSamples.swift */,
			);
			path = Previews;
			sourceTree = "<group>";
		};
/* End PBXGroup section */

/* Begin PBXNativeTarget section */
		1B12FE272B4C2F1700D232A7 /* MyBooks */ = {
			isa = PBXNativeTarget;
			buildConfigurationList = 1B12FE362B4C2F1800D232A7 /* Build configuration list for PBXNativeTarget "MyBooks" */;
			buildPhases = (
				1B12FE242B4C2F1700D232A7 /* Sources */,
				1B12FE252B4C2F1700D232A7 /* Frameworks */,
				1B12FE262B4C2F1700D232A7 /* Resources */,
			);
			buildRules = (
			);
			dependencies = (
			);
			name = MyBooks;
			productName = MyBooks;
			productReference = 1B12FE282B4C2F1700D232A7 /* MyBooks.app */;
			productType = "com.apple.product-type.application";
		};
/* End PBXNativeTarget section */

/* Begin PBXProject section */
		1B12FE202B4C2F1700D232A7 /* Project object */ = {
			isa = PBXProject;
			attributes = {
				BuildIndependentTargetsInParallel = 1;
				LastSwiftUpdateCheck = 1510;
				LastUpgradeCheck = 1510;
				TargetAttributes = {
					1B12FE272B4C2F1700D232A7 = {
						CreatedOnToolsVersion = 15.1;
					};
				};
			};
			buildConfigurationList = 1B12FE232B4C2F1700D232A7 /* Build configuration list for PBXProject "MyBooks" */;
			compatibilityVersion = "Xcode 14.0";
			developmentRegion = en;
			hasScannedForEncodings = 0;
			knownRegions = (
				en,
				Base,
				uk,
			);
			mainGroup = 1B12FE1F2B4C2F1700D232A7;
			productRefGroup = 1B12FE292B4C2F1700D232A7 /* Products */;
			projectDirPath = "";
			projectRoot = "";
			targets = (
				1B12FE272B4C2F1700D232A7 /* MyBooks */,
			);
		};
/* End PBXProject section */

/* Begin PBXResourcesBuildPhase section */
		1B12FE262B4C2F1700D232A7 /* Resources */ = {
			isa = PBXResourcesBuildPhase;
			buildActionMask = 2147483647;
			files = (
				1B12FE332B4C2F1800D232A7 /* Preview Assets.xcassets in Resources */,
				1B12FE302B4C2F1800D232A7 /* Assets.xcassets in Resources */,
				1B28C3742B50449000B5C2E3 /* Launch Screen.storyboard in Resources */,
				1B28C3722B503C4300B5C2E3 /* Localizable.xcstrings in Resources */,
			);
			runOnlyForDeploymentPostprocessing = 0;
		};
/* End PBXResourcesBuildPhase section */

/* Begin PBXSourcesBuildPhase section */
		1B12FE242B4C2F1700D232A7 /* Sources */ = {
			isa = PBXSourcesBuildPhase;
			buildActionMask = 2147483647;
			files = (
				1BD0C0162B4EB53200E2F10A /* BookSamples.swift in Sources */,
				1B12FE3C2B4C387100D232A7 /* NewBookView.swift in Sources */,
				1B12FE402B4C485700D232A7 /* RatingsView.swift in Sources */,
				1B28C36E2B4FF76100B5C2E3 /* NewGenreView.swift in Sources */,
				1B28C3622B4F164500B5C2E3 /* UIColor+extension.swift in Sources */,
				1B28C36C2B4F1DDE00B5C2E3 /* GenresView.swift in Sources */,
				1B28C3602B4F15B300B5C2E3 /* Genre.swift in Sources */,
				1BD0C01A2B4EBD8500E2F10A /* BookList.swift in Sources */,
				1B12FE3E2B4C42DD00D232A7 /* EditBookView.swift in Sources */,
				1B12FE2E2B4C2F1700D232A7 /* BookListView.swift in Sources */,
				1B12FE2C2B4C2F1700D232A7 /* MyBooksApp.swift in Sources */,
				1BD0C0182B4EB68200E2F10A /* PreviewContainer.swift in Sources */,
				1BD0C01C2B4ED9C400E2F10A /* Quote.swift in Sources */,
				1B28C3642B4F1CB500B5C2E3 /* GenreSamples.swift in Sources */,
				1B28C3702B4FFDE300B5C2E3 /* GenreStackView.swift in Sources */,
				1B12FE3A2B4C310200D232A7 /* Book.swift in Sources */,
				1BD0C01E2B4EDB8E00E2F10A /* QuotesListView.swift in Sources */,
			);
			runOnlyForDeploymentPostprocessing = 0;
		};
/* End PBXSourcesBuildPhase section */

/* Begin XCBuildConfiguration section */
		1B12FE342B4C2F1800D232A7 /* Debug */ = {
			isa = XCBuildConfiguration;
			buildSettings = {
				ALWAYS_SEARCH_USER_PATHS = NO;
				ASSETCATALOG_COMPILER_GENERATE_SWIFT_ASSET_SYMBOL_EXTENSIONS = YES;
				CLANG_ANALYZER_NONNULL = YES;
				CLANG_ANALYZER_NUMBER_OBJECT_CONVERSION = YES_AGGRESSIVE;
				CLANG_CXX_LANGUAGE_STANDARD = "gnu++20";
				CLANG_ENABLE_MODULES = YES;
				CLANG_ENABLE_OBJC_ARC = YES;
				CLANG_ENABLE_OBJC_WEAK = YES;
				CLANG_WARN_BLOCK_CAPTURE_AUTORELEASING = YES;
				CLANG_WARN_BOOL_CONVERSION = YES;
				CLANG_WARN_COMMA = YES;
				CLANG_WARN_CONSTANT_CONVERSION = YES;
				CLANG_WARN_DEPRECATED_OBJC_IMPLEMENTATIONS = YES;
				CLANG_WARN_DIRECT_OBJC_ISA_USAGE = YES_ERROR;
				CLANG_WARN_DOCUMENTATION_COMMENTS = YES;
				CLANG_WARN_EMPTY_BODY = YES;
				CLANG_WARN_ENUM_CONVERSION = YES;
				CLANG_WARN_INFINITE_RECURSION = YES;
				CLANG_WARN_INT_CONVERSION = YES;
				CLANG_WARN_NON_LITERAL_NULL_CONVERSION = YES;
				CLANG_WARN_OBJC_IMPLICIT_RETAIN_SELF = YES;
				CLANG_WARN_OBJC_LITERAL_CONVERSION = YES;
				CLANG_WARN_OBJC_ROOT_CLASS = YES_ERROR;
				CLANG_WARN_QUOTED_INCLUDE_IN_FRAMEWORK_HEADER = YES;
				CLANG_WARN_RANGE_LOOP_ANALYSIS = YES;
				CLANG_WARN_STRICT_PROTOTYPES = YES;
				CLANG_WARN_SUSPICIOUS_MOVE = YES;
				CLANG_WARN_UNGUARDED_AVAILABILITY = YES_AGGRESSIVE;
				CLANG_WARN_UNREACHABLE_CODE = YES;
				CLANG_WARN__DUPLICATE_METHOD_MATCH = YES;
				COPY_PHASE_STRIP = NO;
				DEBUG_INFORMATION_FORMAT = dwarf;
				ENABLE_STRICT_OBJC_MSGSEND = YES;
				ENABLE_TESTABILITY = YES;
				ENABLE_USER_SCRIPT_SANDBOXING = YES;
				GCC_C_LANGUAGE_STANDARD = gnu17;
				GCC_DYNAMIC_NO_PIC = NO;
				GCC_NO_COMMON_BLOCKS = YES;
				GCC_OPTIMIZATION_LEVEL = 0;
				GCC_PREPROCESSOR_DEFINITIONS = (
					"DEBUG=1",
					"$(inherited)",
				);
				GCC_WARN_64_TO_32_BIT_CONVERSION = YES;
				GCC_WARN_ABOUT_RETURN_TYPE = YES_ERROR;
				GCC_WARN_UNDECLARED_SELECTOR = YES;
				GCC_WARN_UNINITIALIZED_AUTOS = YES_AGGRESSIVE;
				GCC_WARN_UNUSED_FUNCTION = YES;
				GCC_WARN_UNUSED_VARIABLE = YES;
				IPHONEOS_DEPLOYMENT_TARGET = 17.2;
				LOCALIZATION_PREFERS_STRING_CATALOGS = YES;
				MTL_ENABLE_DEBUG_INFO = INCLUDE_SOURCE;
				MTL_FAST_MATH = YES;
				ONLY_ACTIVE_ARCH = YES;
				SDKROOT = iphoneos;
				SWIFT_ACTIVE_COMPILATION_CONDITIONS = "DEBUG $(inherited)";
				SWIFT_OPTIMIZATION_LEVEL = "-Onone";
			};
			name = Debug;
		};
		1B12FE352B4C2F1800D232A7 /* Release */ = {
			isa = XCBuildConfiguration;
			buildSettings = {
				ALWAYS_SEARCH_USER_PATHS = NO;
				ASSETCATALOG_COMPILER_GENERATE_SWIFT_ASSET_SYMBOL_EXTENSIONS = YES;
				CLANG_ANALYZER_NONNULL = YES;
				CLANG_ANALYZER_NUMBER_OBJECT_CONVERSION = YES_AGGRESSIVE;
				CLANG_CXX_LANGUAGE_STANDARD = "gnu++20";
				CLANG_ENABLE_MODULES = YES;
				CLANG_ENABLE_OBJC_ARC = YES;
				CLANG_ENABLE_OBJC_WEAK = YES;
				CLANG_WARN_BLOCK_CAPTURE_AUTORELEASING = YES;
				CLANG_WARN_BOOL_CONVERSION = YES;
				CLANG_WARN_COMMA = YES;
				CLANG_WARN_CONSTANT_CONVERSION = YES;
				CLANG_WARN_DEPRECATED_OBJC_IMPLEMENTATIONS = YES;
				CLANG_WARN_DIRECT_OBJC_ISA_USAGE = YES_ERROR;
				CLANG_WARN_DOCUMENTATION_COMMENTS = YES;
				CLANG_WARN_EMPTY_BODY = YES;
				CLANG_WARN_ENUM_CONVERSION = YES;
				CLANG_WARN_INFINITE_RECURSION = YES;
				CLANG_WARN_INT_CONVERSION = YES;
				CLANG_WARN_NON_LITERAL_NULL_CONVERSION = YES;
				CLANG_WARN_OBJC_IMPLICIT_RETAIN_SELF = YES;
				CLANG_WARN_OBJC_LITERAL_CONVERSION = YES;
				CLANG_WARN_OBJC_ROOT_CLASS = YES_ERROR;
				CLANG_WARN_QUOTED_INCLUDE_IN_FRAMEWORK_HEADER = YES;
				CLANG_WARN_RANGE_LOOP_ANALYSIS = YES;
				CLANG_WARN_STRICT_PROTOTYPES = YES;
				CLANG_WARN_SUSPICIOUS_MOVE = YES;
				CLANG_WARN_UNGUARDED_AVAILABILITY = YES_AGGRESSIVE;
				CLANG_WARN_UNREACHABLE_CODE = YES;
				CLANG_WARN__DUPLICATE_METHOD_MATCH = YES;
				COPY_PHASE_STRIP = NO;
				DEBUG_INFORMATION_FORMAT = "dwarf-with-dsym";
				ENABLE_NS_ASSERTIONS = NO;
				ENABLE_STRICT_OBJC_MSGSEND = YES;
				ENABLE_USER_SCRIPT_SANDBOXING = YES;
				GCC_C_LANGUAGE_STANDARD = gnu17;
				GCC_NO_COMMON_BLOCKS = YES;
				GCC_WARN_64_TO_32_BIT_CONVERSION = YES;
				GCC_WARN_ABOUT_RETURN_TYPE = YES_ERROR;
				GCC_WARN_UNDECLARED_SELECTOR = YES;
				GCC_WARN_UNINITIALIZED_AUTOS = YES_AGGRESSIVE;
				GCC_WARN_UNUSED_FUNCTION = YES;
				GCC_WARN_UNUSED_VARIABLE = YES;
				IPHONEOS_DEPLOYMENT_TARGET = 17.2;
				LOCALIZATION_PREFERS_STRING_CATALOGS = YES;
				MTL_ENABLE_DEBUG_INFO = NO;
				MTL_FAST_MATH = YES;
				SDKROOT = iphoneos;
				SWIFT_COMPILATION_MODE = wholemodule;
				VALIDATE_PRODUCT = YES;
			};
			name = Release;
		};
		1B12FE372B4C2F1800D232A7 /* Debug */ = {
			isa = XCBuildConfiguration;
			buildSettings = {
				ASSETCATALOG_COMPILER_APPICON_NAME = AppIcon;
				ASSETCATALOG_COMPILER_GLOBAL_ACCENT_COLOR_NAME = AccentColor;
				CODE_SIGN_STYLE = Automatic;
				CURRENT_PROJECT_VERSION = 1;
				DEVELOPMENT_ASSET_PATHS = "\"MyBooks/Preview Content\"";
				DEVELOPMENT_TEAM = 8M5L73RX22;
				ENABLE_PREVIEWS = YES;
				GENERATE_INFOPLIST_FILE = YES;
				INFOPLIST_KEY_UIApplicationSceneManifest_Generation = YES;
				INFOPLIST_KEY_UIApplicationSupportsIndirectInputEvents = YES;
				INFOPLIST_KEY_UILaunchScreen_Generation = YES;
				INFOPLIST_KEY_UILaunchStoryboardName = "Launch Screen.storyboard";
				INFOPLIST_KEY_UISupportedInterfaceOrientations_iPad = "UIInterfaceOrientationPortrait UIInterfaceOrientationPortraitUpsideDown UIInterfaceOrientationLandscapeLeft UIInterfaceOrientationLandscapeRight";
				INFOPLIST_KEY_UISupportedInterfaceOrientations_iPhone = "UIInterfaceOrientationPortrait UIInterfaceOrientationLandscapeLeft UIInterfaceOrientationLandscapeRight";
				LD_RUNPATH_SEARCH_PATHS = (
					"$(inherited)",
					"@executable_path/Frameworks",
				);
				MARKETING_VERSION = 1.0;
				PRODUCT_BUNDLE_IDENTIFIER = dkuskusbox.MyBooks;
				PRODUCT_NAME = "$(TARGET_NAME)";
				SWIFT_EMIT_LOC_STRINGS = YES;
				SWIFT_VERSION = 5.0;
				TARGETED_DEVICE_FAMILY = "1,2";
			};
			name = Debug;
		};
		1B12FE382B4C2F1800D232A7 /* Release */ = {
			isa = XCBuildConfiguration;
			buildSettings = {
				ASSETCATALOG_COMPILER_APPICON_NAME = AppIcon;
				ASSETCATALOG_COMPILER_GLOBAL_ACCENT_COLOR_NAME = AccentColor;
				CODE_SIGN_STYLE = Automatic;
				CURRENT_PROJECT_VERSION = 1;
				DEVELOPMENT_ASSET_PATHS = "\"MyBooks/Preview Content\"";
				DEVELOPMENT_TEAM = 8M5L73RX22;
				ENABLE_PREVIEWS = YES;
				GENERATE_INFOPLIST_FILE = YES;
				INFOPLIST_KEY_UIApplicationSceneManifest_Generation = YES;
				INFOPLIST_KEY_UIApplicationSupportsIndirectInputEvents = YES;
				INFOPLIST_KEY_UILaunchScreen_Generation = YES;
				INFOPLIST_KEY_UILaunchStoryboardName = "Launch Screen.storyboard";
				INFOPLIST_KEY_UISupportedInterfaceOrientations_iPad = "UIInterfaceOrientationPortrait UIInterfaceOrientationPortraitUpsideDown UIInterfaceOrientationLandscapeLeft UIInterfaceOrientationLandscapeRight";
				INFOPLIST_KEY_UISupportedInterfaceOrientations_iPhone = "UIInterfaceOrientationPortrait UIInterfaceOrientationLandscapeLeft UIInterfaceOrientationLandscapeRight";
				LD_RUNPATH_SEARCH_PATHS = (
					"$(inherited)",
					"@executable_path/Frameworks",
				);
				MARKETING_VERSION = 1.0;
				PRODUCT_BUNDLE_IDENTIFIER = dkuskusbox.MyBooks;
				PRODUCT_NAME = "$(TARGET_NAME)";
				SWIFT_EMIT_LOC_STRINGS = YES;
				SWIFT_VERSION = 5.0;
				TARGETED_DEVICE_FAMILY = "1,2";
			};
			name = Release;
		};
/* End XCBuildConfiguration section */

/* Begin XCConfigurationList section */
		1B12FE232B4C2F1700D232A7 /* Build configuration list for PBXProject "MyBooks" */ = {
			isa = XCConfigurationList;
			buildConfigurations = (
				1B12FE342B4C2F1800D232A7 /* Debug */,
				1B12FE352B4C2F1800D232A7 /* Release */,
			);
			defaultConfigurationIsVisible = 0;
			defaultConfigurationName = Release;
		};
		1B12FE362B4C2F1800D232A7 /* Build configuration list for PBXNativeTarget "MyBooks" */ = {
			isa = XCConfigurationList;
			buildConfigurations = (
				1B12FE372B4C2F1800D232A7 /* Debug */,
				1B12FE382B4C2F1800D232A7 /* Release */,
			);
			defaultConfigurationIsVisible = 0;
			defaultConfigurationName = Release;
		};
/* End XCConfigurationList section */
	};
	rootObject = 1B12FE202B4C2F1700D232A7 /* Project object */;
}
